
Microsoft Visual Studio Solution File, Format Version 12.00
# Visual Studio Version 16
VisualStudioVersion = 16.0.32228.343
MinimumVisualStudioVersion = 10.0.40219.1
Project("{9A19103F-16F7-4668-BE54-9A1E7A4F7556}") = "Asv.Gnss", "Asv.Gnss\Asv.Gnss.csproj", "{420F8708-C8DA-4A94-A995-91AD701EBEC7}"
EndProject
Project("{2150E333-8FDC-42A3-9474-1A3956D46DE8}") = "Solution items", "Solution items", "{6D12E677-B726-43DC-B38C-AE51483DDDCB}"
	ProjectSection(SolutionItems) = preProject
		Directory.Build.props = Directory.Build.props
		..\.gitignore = ..\.gitignore
		..\build.bat = ..\build.bat
		..\LICENSE = ..\LICENSE
		..\publish_nuget.bat = ..\publish_nuget.bat
		..\README.md = ..\README.md
		..\.github\workflows\release-action.yml = ..\.github\workflows\release-action.yml
		..\.github\workflows\release-debug-action.yml = ..\.github\workflows\release-debug-action.yml
	EndProjectSection
EndProject
Project("{FAE04EC0-301F-11D3-BF4B-00C04F79EFBC}") = "Asv.Gnss.Shell", "Asv.Gnss.Shell\Asv.Gnss.Shell.csproj", "{793E5961-4CC0-4BCB-8DD4-ABE40240E49E}"
EndProject
Project("{FAE04EC0-301F-11D3-BF4B-00C04F79EFBC}") = "Asv.Gnss.Test", "Asv.Gnss.Test\Asv.Gnss.Test.csproj", "{C2994C9F-74A8-4C29-A6C3-DE03A3DD013E}"
EndProject
Global
	GlobalSection(SolutionConfigurationPlatforms) = preSolution
		Debug|Any CPU = Debug|Any CPU
		Release|Any CPU = Release|Any CPU
	EndGlobalSection
	GlobalSection(ProjectConfigurationPlatforms) = postSolution
		{420F8708-C8DA-4A94-A995-91AD701EBEC7}.Debug|Any CPU.ActiveCfg = Debug|Any CPU
		{420F8708-C8DA-4A94-A995-91AD701EBEC7}.Debug|Any CPU.Build.0 = Debug|Any CPU
		{420F8708-C8DA-4A94-A995-91AD701EBEC7}.Release|Any CPU.ActiveCfg = Release|Any CPU
		{420F8708-C8DA-4A94-A995-91AD701EBEC7}.Release|Any CPU.Build.0 = Release|Any CPU
		{793E5961-4CC0-4BCB-8DD4-ABE40240E49E}.Debug|Any CPU.ActiveCfg = Debug|Any CPU
		{793E5961-4CC0-4BCB-8DD4-ABE40240E49E}.Debug|Any CPU.Build.0 = Debug|Any CPU
		{793E5961-4CC0-4BCB-8DD4-ABE40240E49E}.Release|Any CPU.ActiveCfg = Release|Any CPU
		{793E5961-4CC0-4BCB-8DD4-ABE40240E49E}.Release|Any CPU.Build.0 = Release|Any CPU
		{C2994C9F-74A8-4C29-A6C3-DE03A3DD013E}.Debug|Any CPU.ActiveCfg = Debug|Any CPU
		{C2994C9F-74A8-4C29-A6C3-DE03A3DD013E}.Debug|Any CPU.Build.0 = Debug|Any CPU
		{C2994C9F-74A8-4C29-A6C3-DE03A3DD013E}.Release|Any CPU.ActiveCfg = Release|Any CPU
		{C2994C9F-74A8-4C29-A6C3-DE03A3DD013E}.Release|Any CPU.Build.0 = Release|Any CPU
	EndGlobalSection
	GlobalSection(SolutionProperties) = preSolution
		HideSolutionNode = FALSE
	EndGlobalSection
	GlobalSection(ExtensibilityGlobals) = postSolution
		SolutionGuid = {FC121DB8-ED9A-45CA-BC0C-4EC3C3A57B8C}
	EndGlobalSection
EndGlobal
